
Microsoft Visual Studio Solution File, Format Version 12.00
# Visual Studio Version 17
VisualStudioVersion = 17.9.34728.123
MinimumVisualStudioVersion = 10.0.40219.1
Project("{FAE04EC0-301F-11D3-BF4B-00C04F79EFBC}") = "CatalogoAutomotivo", "CatalogoAutomotivo.csproj", "{AC083C07-1153-4E4F-BC37-B154BD3ECD4D}"
EndProject
Global
	GlobalSection(SolutionConfigurationPlatforms) = preSolution
		Debug|Any CPU = Debug|Any CPU
		Release|Any CPU = Release|Any CPU
	EndGlobalSection
	GlobalSection(ProjectConfigurationPlatforms) = postSolution
		{AC083C07-1153-4E4F-BC37-B154BD3ECD4D}.Debug|Any CPU.ActiveCfg = Debug|Any CPU
		{AC083C07-1153-4E4F-BC37-B154BD3ECD4D}.Debug|Any CPU.Build.0 = Debug|Any CPU
		{AC083C07-1153-4E4F-BC37-B154BD3ECD4D}.Release|Any CPU.ActiveCfg = Release|Any CPU
		{AC083C07-1153-4E4F-BC37-B154BD3ECD4D}.Release|Any CPU.Build.0 = Release|Any CPU
	EndGlobalSection
	GlobalSection(SolutionProperties) = preSolution
		HideSolutionNode = FALSE
	EndGlobalSection
	GlobalSection(ExtensibilityGlobals) = postSolution
		SolutionGuid = {3EA91C4B-9CA2-458E-82B9-418C6E86BB00}
	EndGlobalSection
EndGlobal
